
Microsoft Visual Studio Solution File, Format Version 12.00
# Visual Studio 2012
Project("{FAE04EC0-301F-11D3-BF4B-00C04F79EFBC}") = "ProjetInterim", "WindowsFormsApplication1\ProjetInterim.csproj", "{3F8DD23A-B51E-4FDD-BB35-CAF34ABCCABA}"
EndProject
Global
	GlobalSection(SolutionConfigurationPlatforms) = preSolution
		Debug|Any CPU = Debug|Any CPU
		Release|Any CPU = Release|Any CPU
	EndGlobalSection
	GlobalSection(ProjectConfigurationPlatforms) = postSolution
		{3F8DD23A-B51E-4FDD-BB35-CAF34ABCCABA}.Debug|Any CPU.ActiveCfg = Debug|Any CPU
		{3F8DD23A-B51E-4FDD-BB35-CAF34ABCCABA}.Debug|Any CPU.Build.0 = Debug|Any CPU
		{3F8DD23A-B51E-4FDD-BB35-CAF34ABCCABA}.Release|Any CPU.ActiveCfg = Release|Any CPU
		{3F8DD23A-B51E-4FDD-BB35-CAF34ABCCABA}.Release|Any CPU.Build.0 = Release|Any CPU
	EndGlobalSection
	GlobalSection(SolutionProperties) = preSolution
		HideSolutionNode = FALSE
	EndGlobalSection
EndGlobal
